
Microsoft Visual Studio Solution File, Format Version 12.00
# Visual Studio Version 17
VisualStudioVersion = 17.11.35327.3
MinimumVisualStudioVersion = 10.0.40219.1
Project("{FAE04EC0-301F-11D3-BF4B-00C04F79EFBC}") = "webadmin2", "webadmin2\webadmin2.csproj", "{33B596E9-C929-4CDB-80D9-F970C787677A}"
EndProject
Global
	GlobalSection(SolutionConfigurationPlatforms) = preSolution
		Debug|Any CPU = Debug|Any CPU
		Release|Any CPU = Release|Any CPU
	EndGlobalSection
	GlobalSection(ProjectConfigurationPlatforms) = postSolution
		{33B596E9-C929-4CDB-80D9-F970C787677A}.Debug|Any CPU.ActiveCfg = Debug|Any CPU
		{33B596E9-C929-4CDB-80D9-F970C787677A}.Debug|Any CPU.Build.0 = Debug|Any CPU
		{33B596E9-C929-4CDB-80D9-F970C787677A}.Release|Any CPU.ActiveCfg = Release|Any CPU
		{33B596E9-C929-4CDB-80D9-F970C787677A}.Release|Any CPU.Build.0 = Release|Any CPU
	EndGlobalSection
	GlobalSection(SolutionProperties) = preSolution
		HideSolutionNode = FALSE
	EndGlobalSection
	GlobalSection(ExtensibilityGlobals) = postSolution
		SolutionGuid = {C0981F37-C8BC-49F6-A931-5FBC8006BE26}
	EndGlobalSection
EndGlobal
